<?xml version="1.0" encoding="utf-8"?>
<Project ToolsVersion="4.0" xmlns="http://schemas.microsoft.com/developer/msbuild/2003">
  <ItemGroup>
    <Filter Include="소스 파일">
      <UniqueIdentifier>{4FC737F1-C7A5-4376-A066-2A32D752A2FF}</UniqueIdentifier>
      <Extensions>cpp;c;cc;cxx;def;odl;idl;hpj;bat;asm;asmx</Extensions>
    </Filter>
    <Filter Include="헤더 파일">
      <UniqueIdentifier>{93995380-89BD-4b04-88EB-625FBE52EBFB}</UniqueIdentifier>
      <Extensions>h;hh;hpp;hxx;hm;inl;inc;ipp;xsd</Extensions>
    </Filter>
    <Filter Include="리소스 파일">
      <UniqueIdentifier>{67DA6AB6-F800-4c08-8B7A-83BB121AAD01}</UniqueIdentifier>
      <Extensions>rc;ico;cur;bmp;dlg;rc2;rct;bin;rgs;gif;jpg;jpeg;jpe;resx;tiff;tif;png;wav;mfcribbon-ms</Extensions>
    </Filter>
    <Filter Include="TextureLoader">
      <UniqueIdentifier>{aa44dfda-6604-4855-9bed-1f87b3f1d24c}</UniqueIdentifier>
    </Filter>
    <Filter Include="TextureLoader\DDSTextureLoader">
      <UniqueIdentifier>{02f398b6-cb26-4c58-a0b1-53775503d591}</UniqueIdentifier>
    </Filter>
    <Filter Include="TextureLoader\WICTextureLoader">
      <UniqueIdentifier>{5179216b-49d6-4139-ac34-a6c5f5f8094a}</UniqueIdentifier>
    </Filter>
    <Filter Include="Shader">
      <UniqueIdentifier>{d446a25a-0037-4800-b1fd-417940430e91}</UniqueIdentifier>
    </Filter>
    <Filter Include="Shader\HLSL">
      <UniqueIdentifier>{a8657f60-3cef-4eb3-b6d8-042c913c49a2}</UniqueIdentifier>
    </Filter>
    <Filter Include="Shader\MissileObjectShader">
      <UniqueIdentifier>{a494a5e5-e542-4d06-b8f6-ebc8e6bb3517}</UniqueIdentifier>
    </Filter>
    <Filter Include="stdafx">
      <UniqueIdentifier>{eb1a4fe2-a68b-4da8-a0c4-927c0014cdb6}</UniqueIdentifier>
    </Filter>
    <Filter Include="Shader\MultiSpriteObjectsShader">
      <UniqueIdentifier>{24ba0fb5-c2e7-496b-b9e3-a07546e53961}</UniqueIdentifier>
    </Filter>
    <Filter Include="Object">
      <UniqueIdentifier>{8bec6bec-930e-4a01-8e22-da61b44c48d5}</UniqueIdentifier>
    </Filter>
    <Filter Include="Object\MissileObject">
      <UniqueIdentifier>{19280312-46b0-4a40-9efb-19b2806b17b9}</UniqueIdentifier>
    </Filter>
    <Filter Include="Mesh">
      <UniqueIdentifier>{903dc140-465f-4fb8-a61d-7516a338929e}</UniqueIdentifier>
    </Filter>
    <Filter Include="Object\MultiSpriteObject">
      <UniqueIdentifier>{1bcb1e07-8a97-4a33-9783-a8d0341aaef2}</UniqueIdentifier>
    </Filter>
    <Filter Include="Shader\GSBillBoardShader">
      <UniqueIdentifier>{ec151bba-ddd3-49e0-b14a-63fe216c4809}</UniqueIdentifier>
    </Filter>
    <Filter Include="Object\Item">
      <UniqueIdentifier>{8ea6bb5c-e441-4360-a205-0473bca881a3}</UniqueIdentifier>
    </Filter>
    <Filter Include="Shader\HealObjectShader">
      <UniqueIdentifier>{127d9604-544d-4f46-9f32-eced6c5c56d9}</UniqueIdentifier>
    </Filter>
    <Filter Include="Shader\PaticleShader">
      <UniqueIdentifier>{e4065617-31bb-4e43-ae00-0a8e99885d47}</UniqueIdentifier>
    </Filter>
    <Filter Include="Object\ParticleObject">
      <UniqueIdentifier>{0810afd3-2a15-436c-a8fd-8ab879db5999}</UniqueIdentifier>
    </Filter>
    <Filter Include="Mesh\ParticleMesh">
      <UniqueIdentifier>{0312042e-38bd-4a50-a1bd-6aea154e8a04}</UniqueIdentifier>
    </Filter>
    <Filter Include="Mesh\MeshIlluminated">
      <UniqueIdentifier>{1551486b-8796-45b8-9b7a-aa7d9e5a4fc7}</UniqueIdentifier>
    </Filter>
    <Filter Include="Object\DynamicCubeMappingObject">
      <UniqueIdentifier>{a3502800-33f2-49cf-b233-9dff09f7912f}</UniqueIdentifier>
    </Filter>
    <Filter Include="Shader\DynamicCubeMappingShader">
      <UniqueIdentifier>{7545f025-4f7e-45a0-b007-69b23cbbac04}</UniqueIdentifier>
    </Filter>
    <Filter Include="Shader\2dUIObjectShader">
      <UniqueIdentifier>{b4f5bdd7-5897-40f0-b115-5c5312a7f46c}</UniqueIdentifier>
    </Filter>
    <Filter Include="Shader\OutlineShader">
      <UniqueIdentifier>{cef60dcf-7708-4630-a69a-9757d67da491}</UniqueIdentifier>
    </Filter>
    <Filter Include="Object\Camera">
      <UniqueIdentifier>{dd7a4ebb-8a6a-4e57-9d92-5c3c0fa8c29a}</UniqueIdentifier>
    </Filter>
    <Filter Include="Object\Player">
      <UniqueIdentifier>{f7937895-5aa3-49b2-85a5-3cb3ddd0b4de}</UniqueIdentifier>
    </Filter>
    <Filter Include="Framework">
      <UniqueIdentifier>{e79cf227-e031-4d5e-9e3b-b7dd6eb5eed5}</UniqueIdentifier>
    </Filter>
    <Filter Include="Framework\Scene">
      <UniqueIdentifier>{cfae0d76-c78e-43cd-b283-b91f2df3517d}</UniqueIdentifier>
    </Filter>
    <Filter Include="Mesh\Vertex">
      <UniqueIdentifier>{451ebdc1-b35f-4325-ab68-1884acdaab5c}</UniqueIdentifier>
    </Filter>
    <Filter Include="Timer">
      <UniqueIdentifier>{a9bc1393-e5ee-4a02-a0cb-77d9e6e8c6bf}</UniqueIdentifier>
    </Filter>
    <Filter Include="Shader\SceneShader">
      <UniqueIdentifier>{4f4c9905-9656-48f2-b4c9-e1c102517023}</UniqueIdentifier>
    </Filter>
  </ItemGroup>
  <ItemGroup>
    <ClInclude Include="DDSTextureLoader12.h">
      <Filter>TextureLoader\DDSTextureLoader</Filter>
    </ClInclude>
    <ClInclude Include="WICTextureLoader12.h">
      <Filter>TextureLoader\WICTextureLoader</Filter>
    </ClInclude>
    <ClInclude Include="MissileObjectShader.h">
      <Filter>Shader\MissileObjectShader</Filter>
    </ClInclude>
    <ClInclude Include="stdafx.h">
      <Filter>stdafx</Filter>
    </ClInclude>
    <ClInclude Include="MultiSpriteObjectsShader.h">
      <Filter>Shader\MultiSpriteObjectsShader</Filter>
    </ClInclude>
    <ClInclude Include="Object.h">
      <Filter>Object</Filter>
    </ClInclude>
    <ClInclude Include="Missileobject.h">
      <Filter>Object\MissileObject</Filter>
    </ClInclude>
    <ClInclude Include="Mesh.h">
      <Filter>Mesh</Filter>
    </ClInclude>
    <ClInclude Include="CMultiSpriteObject.h">
      <Filter>Object\MultiSpriteObject</Filter>
    </ClInclude>
    <ClInclude Include="GSBillBoardShader.h">
      <Filter>Shader\GSBillBoardShader</Filter>
    </ClInclude>
    <ClInclude Include="Shader.h">
      <Filter>Shader</Filter>
    </ClInclude>
    <ClInclude Include="ItemObject.h">
      <Filter>Object\Item</Filter>
    </ClInclude>
    <ClInclude Include="HealObjectShader.h">
      <Filter>Shader\HealObjectShader</Filter>
    </ClInclude>
    <ClInclude Include="PaticleShader.h">
      <Filter>Shader\PaticleShader</Filter>
    </ClInclude>
    <ClInclude Include="CParticleObject.h">
      <Filter>Object\ParticleObject</Filter>
    </ClInclude>
    <ClInclude Include="ParticleMesh.h">
      <Filter>Mesh\ParticleMesh</Filter>
    </ClInclude>
    <ClInclude Include="CMeshIlluminated.h">
      <Filter>Mesh\MeshIlluminated</Filter>
    </ClInclude>
    <ClInclude Include="CDynamicCubeMappingObject.h">
      <Filter>Object\DynamicCubeMappingObject</Filter>
    </ClInclude>
    <ClInclude Include="CDynamicCubeMappingShader.h">
      <Filter>Shader\DynamicCubeMappingShader</Filter>
    </ClInclude>
    <ClInclude Include="2dUIObjectsShader.h">
      <Filter>Shader\2dUIObjectShader</Filter>
    </ClInclude>
    <ClInclude Include="COutlineShader.h">
      <Filter>Shader\OutlineShader</Filter>
    </ClInclude>
    <ClInclude Include="Camera.h">
      <Filter>Object\Camera</Filter>
    </ClInclude>
    <ClInclude Include="Player.h">
      <Filter>Object\Player</Filter>
    </ClInclude>
    <ClInclude Include="GameFramework.h">
      <Filter>Framework</Filter>
    </ClInclude>
    <ClInclude Include="Scene.h">
      <Filter>Framework\Scene</Filter>
    </ClInclude>
    <ClInclude Include="targetver.h">
      <Filter>stdafx</Filter>
    </ClInclude>
    <ClInclude Include="ServerError.h">
      <Filter>stdafx</Filter>
    </ClInclude>
    <ClInclude Include="LabProject08-0-1.h">
      <Filter>Framework</Filter>
    </ClInclude>
    <ClInclude Include="Resource.h">
      <Filter>TextureLoader</Filter>
    </ClInclude>
    <ClInclude Include="Timer.h">
      <Filter>Timer</Filter>
    </ClInclude>
    <ClInclude Include="SceneShader.h">
      <Filter>Shader\SceneShader</Filter>
    </ClInclude>
    <ClInclude Include="Vertex.h">
      <Filter>Mesh\Vertex</Filter>
    </ClInclude>
  </ItemGroup>
  <ItemGroup>
    <ClCompile Include="DDSTextureLoader12.cpp">
      <Filter>TextureLoader\DDSTextureLoader</Filter>
    </ClCompile>
    <ClCompile Include="WICTextureLoader12.cpp">
      <Filter>TextureLoader\WICTextureLoader</Filter>
    </ClCompile>
    <ClCompile Include="MissileObjectShader.cpp">
      <Filter>Shader\MissileObjectShader</Filter>
    </ClCompile>
    <ClCompile Include="Shader.cpp">
      <Filter>Shader</Filter>
    </ClCompile>
    <ClCompile Include="stdafx.cpp">
      <Filter>stdafx</Filter>
    </ClCompile>
    <ClCompile Include="MultiSpriteObjectsShader.cpp">
      <Filter>Shader\MultiSpriteObjectsShader</Filter>
    </ClCompile>
    <ClCompile Include="Object.cpp">
      <Filter>Object</Filter>
    </ClCompile>
    <ClCompile Include="Missileobject.cpp">
      <Filter>Object\MissileObject</Filter>
    </ClCompile>
    <ClCompile Include="Mesh.cpp">
      <Filter>Mesh</Filter>
    </ClCompile>
    <ClCompile Include="CMultiSpriteObject.cpp">
      <Filter>Object\MultiSpriteObject</Filter>
    </ClCompile>
    <ClCompile Include="GSBillBoardShader.cpp">
      <Filter>Shader\GSBillBoardShader</Filter>
    </ClCompile>
    <ClCompile Include="ItemObject.cpp">
      <Filter>Object\Item</Filter>
    </ClCompile>
    <ClCompile Include="HealObjectShader.cpp">
      <Filter>Shader\HealObjectShader</Filter>
    </ClCompile>
    <ClCompile Include="PaticleShader.cpp">
      <Filter>Shader\PaticleShader</Filter>
    </ClCompile>
    <ClCompile Include="CParticleObject.cpp">
      <Filter>Object\ParticleObject</Filter>
    </ClCompile>
    <ClCompile Include="ParticleMesh.cpp">
      <Filter>Mesh\ParticleMesh</Filter>
    </ClCompile>
    <ClCompile Include="CMeshIlluminated.cpp">
      <Filter>Mesh\MeshIlluminated</Filter>
    </ClCompile>
    <ClCompile Include="CDynamicCubeMappingObject.cpp">
      <Filter>Object\DynamicCubeMappingObject</Filter>
    </ClCompile>
    <ClCompile Include="CDynamicCubeMappingShader.cpp">
      <Filter>Shader\DynamicCubeMappingShader</Filter>
    </ClCompile>
    <ClCompile Include="2dUIObjectsShader.cpp">
      <Filter>Shader\2dUIObjectShader</Filter>
    </ClCompile>
    <ClCompile Include="COutlineShader.cpp">
      <Filter>Shader\OutlineShader</Filter>
    </ClCompile>
    <ClCompile Include="Camera.cpp">
      <Filter>Object\Camera</Filter>
    </ClCompile>
    <ClCompile Include="Player.cpp">
      <Filter>Object\Player</Filter>
    </ClCompile>
    <ClCompile Include="GameFramework.cpp">
      <Filter>Framework</Filter>
    </ClCompile>
    <ClCompile Include="Scene.cpp">
      <Filter>Framework\Scene</Filter>
    </ClCompile>
    <ClCompile Include="ServerError.cpp">
      <Filter>stdafx</Filter>
    </ClCompile>
    <ClCompile Include="Vertex.cpp">
      <Filter>Mesh\Vertex</Filter>
    </ClCompile>
    <ClCompile Include="LabProject08-0-1.cpp">
      <Filter>Framework</Filter>
    </ClCompile>
    <ClCompile Include="Timer.cpp">
      <Filter>Timer</Filter>
    </ClCompile>
    <ClCompile Include="SceneShader.cpp">
      <Filter>Shader\SceneShader</Filter>
    </ClCompile>
  </ItemGroup>
  <ItemGroup>
    <ResourceCompile Include="LabProject08-0-1.rc">
      <Filter>리소스 파일</Filter>
    </ResourceCompile>
  </ItemGroup>
  <ItemGroup>
    <Image Include="small.ico">
      <Filter>리소스 파일</Filter>
    </Image>
    <Image Include="LabProject08-0-1.ico">
      <Filter>리소스 파일</Filter>
    </Image>
  </ItemGroup>
  <ItemGroup>
    <FxCompile Include="Shaders.hlsl">
      <Filter>Shader\HLSL</Filter>
    </FxCompile>
    <FxCompile Include="Light.hlsl">
      <Filter>Shader\HLSL</Filter>
    </FxCompile>
    <FxCompile Include="GeometryShader.hlsl">
      <Filter>Shader\HLSL</Filter>
    </FxCompile>
    <FxCompile Include="CubeMappingShader.hlsl">
      <Filter>Shader\HLSL</Filter>
    </FxCompile>
    <FxCompile Include="OutlineShader.hlsl">
      <Filter>Shader\HLSL</Filter>
    </FxCompile>
    <FxCompile Include="SceneShader.hlsl">
      <Filter>Shader\HLSL</Filter>
    </FxCompile>
  </ItemGroup>
</Project>